
Microsoft Visual Studio Solution File, Format Version 12.00
# Visual Studio Version 16
VisualStudioVersion = 16.0.31129.286
MinimumVisualStudioVersion = 10.0.40219.1
Project("{FAE04EC0-301F-11D3-BF4B-00C04F79EFBC}") = "Clothing-Api", "Clothing-Api\Clothing-Api.csproj", "{E3138DDF-324B-4090-972B-6D1A4813622A}"
EndProject
Global
	GlobalSection(SolutionConfigurationPlatforms) = preSolution
		Debug|Any CPU = Debug|Any CPU
		Release|Any CPU = Release|Any CPU
	EndGlobalSection
	GlobalSection(ProjectConfigurationPlatforms) = postSolution
		{E3138DDF-324B-4090-972B-6D1A4813622A}.Debug|Any CPU.ActiveCfg = Debug|Any CPU
		{E3138DDF-324B-4090-972B-6D1A4813622A}.Debug|Any CPU.Build.0 = Debug|Any CPU
		{E3138DDF-324B-4090-972B-6D1A4813622A}.Release|Any CPU.ActiveCfg = Release|Any CPU
		{E3138DDF-324B-4090-972B-6D1A4813622A}.Release|Any CPU.Build.0 = Release|Any CPU
	EndGlobalSection
	GlobalSection(SolutionProperties) = preSolution
		HideSolutionNode = FALSE
	EndGlobalSection
	GlobalSection(ExtensibilityGlobals) = postSolution
		SolutionGuid = {5860C311-0097-469E-B651-4272C66AACA1}
	EndGlobalSection
EndGlobal
